// !$*UTF8*$!
{
	archiveVersion = 1;
	classes = {
	};
	objectVersion = 46;
	objects = {

/* Begin PBXBuildFile section */
		61B001B11AB5744300F9A321 /* main.m in Sources */ = {isa = PBXBuildFile; fileRef = 61B001B01AB5744300F9A321 /* main.m */; };
		61B001B41AB5744300F9A321 /* AppDelegate.m in Sources */ = {isa = PBXBuildFile; fileRef = 61B001B31AB5744300F9A321 /* AppDelegate.m */; };
		61B001B71AB5744300F9A321 /* ViewController.m in Sources */ = {isa = PBXBuildFile; fileRef = 61B001B61AB5744300F9A321 /* ViewController.m */; };
		61B001BC1AB5744300F9A321 /* Images.xcassets in Resources */ = {isa = PBXBuildFile; fileRef = 61B001BB1AB5744300F9A321 /* Images.xcassets */; };
		61B001BF1AB5744300F9A321 /* LaunchScreen.xib in Resources */ = {isa = PBXBuildFile; fileRef = 61B001BD1AB5744300F9A321 /* LaunchScreen.xib */; };
		61B001CB1AB5744300F9A321 /* DemoProjectTests.m in Sources */ = {isa = PBXBuildFile; fileRef = 61B001CA1AB5744300F9A321 /* DemoProjectTests.m */; };
		61B001D61AB5746100F9A321 /* ELPlusSliderControl.m in Sources */ = {isa = PBXBuildFile; fileRef = 61B001D51AB5746100F9A321 /* ELPlusSliderControl.m */; };
/* End PBXBuildFile section */

/* Begin PBXContainerItemProxy section */
		61B001C51AB5744300F9A321 /* PBXContainerItemProxy */ = {
			isa = PBXContainerItemProxy;
			containerPortal = 61B001A31AB5744300F9A321 /* Project object */;
			proxyType = 1;
			remoteGlobalIDString = 61B001AA1AB5744300F9A321;
			remoteInfo = DemoProject;
		};
/* End PBXContainerItemProxy section */

/* Begin PBXFileReference section */
		61B001AB1AB5744300F9A321 /* DemoProject.app */ = {isa = PBXFileReference; explicitFileType = wrapper.application; includeInIndex = 0; path = DemoProject.app; sourceTree = BUILT_PRODUCTS_DIR; };
		61B001AF1AB5744300F9A321 /* Info.plist */ = {isa = PBXFileReference; lastKnownFileType = text.plist.xml; path = Info.plist; sourceTree = "<group>"; };
		61B001B01AB5744300F9A321 /* main.m */ = {isa = PBXFileReference; lastKnownFileType = sourcecode.c.objc; path = main.m; sourceTree = "<group>"; };
		61B001B21AB5744300F9A321 /* AppDelegate.h */ = {isa = PBXFileReference; lastKnownFileType = sourcecode.c.h; path = AppDelegate.h; sourceTree = "<group>"; };
		61B001B31AB5744300F9A321 /* AppDelegate.m */ = {isa = PBXFileReference; lastKnownFileType = sourcecode.c.objc; path = AppDelegate.m; sourceTree = "<group>"; };
		61B001B51AB5744300F9A321 /* ViewController.h */ = {isa = PBXFileReference; lastKnownFileType = sourcecode.c.h; path = ViewController.h; sourceTree = "<group>"; };
		61B001B61AB5744300F9A321 /* ViewController.m */ = {isa = PBXFileReference; lastKnownFileType = sourcecode.c.objc; path = ViewController.m; sourceTree = "<group>"; };
		61B001BB1AB5744300F9A321 /* Images.xcassets */ = {isa = PBXFileReference; lastKnownFileType = folder.assetcatalog; path = Images.xcassets; sourceTree = "<group>"; };
		61B001BE1AB5744300F9A321 /* Base */ = {isa = PBXFileReference; lastKnownFileType = file.xib; name = Base; path = Base.lproj/LaunchScreen.xib; sourceTree = "<group>"; };
		61B001C41AB5744300F9A321 /* DemoProjectTests.xctest */ = {isa = PBXFileReference; explicitFileType = wrapper.cfbundle; includeInIndex = 0; path = DemoProjectTests.xctest; sourceTree = BUILT_PRODUCTS_DIR; };
		61B001C91AB5744300F9A321 /* Info.plist */ = {isa = PBXFileReference; lastKnownFileType = text.plist.xml; path = Info.plist; sourceTree = "<group>"; };
		61B001CA1AB5744300F9A321 /* DemoProjectTests.m */ = {isa = PBXFileReference; lastKnownFileType = sourcecode.c.objc; path = DemoProjectTests.m; sourceTree = "<group>"; };
		61B001D41AB5746100F9A321 /* ELPlusSliderControl.h */ = {isa = PBXFileReference; fileEncoding = 4; lastKnownFileType = sourcecode.c.h; name = ELPlusSliderControl.h; path = ../ELPlusSliderControl.h; sourceTree = "<group>"; };
		61B001D51AB5746100F9A321 /* ELPlusSliderControl.m */ = {isa = PBXFileReference; fileEncoding = 4; lastKnownFileType = sourcecode.c.objc; name = ELPlusSliderControl.m; path = ../ELPlusSliderControl.m; sourceTree = "<group>"; };
/* End PBXFileReference section */

/* Begin PBXFrameworksBuildPhase section */
		61B001A81AB5744300F9A321 /* Frameworks */ = {
			isa = PBXFrameworksBuildPhase;
			buildActionMask = 2147483647;
			files = (
			);
			runOnlyForDeploymentPostprocessing = 0;
		};
		61B001C11AB5744300F9A321 /* Frameworks */ = {
			isa = PBXFrameworksBuildPhase;
			buildActionMask = 2147483647;
			files = (
			);
			runOnlyForDeploymentPostprocessing = 0;
		};
/* End PBXFrameworksBuildPhase section */

/* Begin PBXGroup section */
		61B001A21AB5744300F9A321 = {
			isa = PBXGroup;
			children = (
				61B001D71AB5A6A600F9A321 /* ELPlusSliderControl */,
				61B001AD1AB5744300F9A321 /* DemoProject */,
				61B001C71AB5744300F9A321 /* DemoProjectTests */,
				61B001AC1AB5744300F9A321 /* Products */,
			);
			sourceTree = "<group>";
		};
		61B001AC1AB5744300F9A321 /* Products */ = {
			isa = PBXGroup;
			children = (
				61B001AB1AB5744300F9A321 /* DemoProject.app */,
				61B001C41AB5744300F9A321 /* DemoProjectTests.xctest */,
			);
			name = Products;
			sourceTree = "<group>";
		};
		61B001AD1AB5744300F9A321 /* DemoProject */ = {
			isa = PBXGroup;
			children = (
				61B001B21AB5744300F9A321 /* AppDelegate.h */,
				61B001B31AB5744300F9A321 /* AppDelegate.m */,
				61B001B51AB5744300F9A321 /* ViewController.h */,
				61B001B61AB5744300F9A321 /* ViewController.m */,
				61B001BB1AB5744300F9A321 /* Images.xcassets */,
				61B001BD1AB5744300F9A321 /* LaunchScreen.xib */,
				61B001AE1AB5744300F9A321 /* Supporting Files */,
			);
			path = DemoProject;
			sourceTree = "<group>";
		};
		61B001AE1AB5744300F9A321 /* Supporting Files */ = {
			isa = PBXGroup;
			children = (
				61B001AF1AB5744300F9A321 /* Info.plist */,
				61B001B01AB5744300F9A321 /* main.m */,
			);
			name = "Supporting Files";
			sourceTree = "<group>";
		};
		61B001C71AB5744300F9A321 /* DemoProjectTests */ = {
			isa = PBXGroup;
			children = (
				61B001CA1AB5744300F9A321 /* DemoProjectTests.m */,
				61B001C81AB5744300F9A321 /* Supporting Files */,
			);
			path = DemoProjectTests;
			sourceTree = "<group>";
		};
		61B001C81AB5744300F9A321 /* Supporting Files */ = {
			isa = PBXGroup;
			children = (
				61B001C91AB5744300F9A321 /* Info.plist */,
			);
			name = "Supporting Files";
			sourceTree = "<group>";
		};
		61B001D71AB5A6A600F9A321 /* ELPlusSliderControl */ = {
			isa = PBXGroup;
			children = (
				61B001D41AB5746100F9A321 /* ELPlusSliderControl.h */,
				61B001D51AB5746100F9A321 /* ELPlusSliderControl.m */,
			);
			name = ELPlusSliderControl;
			sourceTree = "<group>";
		};
/* End PBXGroup section */

/* Begin PBXNativeTarget section */
		61B001AA1AB5744300F9A321 /* DemoProject */ = {
			isa = PBXNativeTarget;
			buildConfigurationList = 61B001CE1AB5744300F9A321 /* Build configuration list for PBXNativeTarget "DemoProject" */;
			buildPhases = (
				61B001A71AB5744300F9A321 /* Sources */,
				61B001A81AB5744300F9A321 /* Frameworks */,
				61B001A91AB5744300F9A321 /* Resources */,
			);
			buildRules = (
			);
			dependencies = (
			);
			name = DemoProject;
			productName = DemoProject;
			productReference = 61B001AB1AB5744300F9A321 /* DemoProject.app */;
			productType = "com.apple.product-type.application";
		};
		61B001C31AB5744300F9A321 /* DemoProjectTests */ = {
			isa = PBXNativeTarget;
			buildConfigurationList = 61B001D11AB5744300F9A321 /* Build configuration list for PBXNativeTarget "DemoProjectTests" */;
			buildPhases = (
				61B001C01AB5744300F9A321 /* Sources */,
				61B001C11AB5744300F9A321 /* Frameworks */,
				61B001C21AB5744300F9A321 /* Resources */,
			);
			buildRules = (
			);
			dependencies = (
				61B001C61AB5744300F9A321 /* PBXTargetDependency */,
			);
			name = DemoProjectTests;
			productName = DemoProjectTests;
			productReference = 61B001C41AB5744300F9A321 /* DemoProjectTests.xctest */;
			productType = "com.apple.product-type.bundle.unit-test";
		};
/* End PBXNativeTarget section */

/* Begin PBXProject section */
		61B001A31AB5744300F9A321 /* Project object */ = {
			isa = PBXProject;
			attributes = {
				LastUpgradeCheck = 0720;
				ORGANIZATIONNAME = endrelzr;
				TargetAttributes = {
					61B001AA1AB5744300F9A321 = {
						CreatedOnToolsVersion = 6.1.1;
					};
					61B001C31AB5744300F9A321 = {
						CreatedOnToolsVersion = 6.1.1;
						TestTargetID = 61B001AA1AB5744300F9A321;
					};
				};
			};
			buildConfigurationList = 61B001A61AB5744300F9A321 /* Build configuration list for PBXProject "DemoProject" */;
			compatibilityVersion = "Xcode 3.2";
			developmentRegion = English;
			hasScannedForEncodings = 0;
			knownRegions = (
				en,
				Base,
			);
			mainGroup = 61B001A21AB5744300F9A321;
			productRefGroup = 61B001AC1AB5744300F9A321 /* Products */;
			projectDirPath = "";
			projectRoot = "";
			targets = (
				61B001AA1AB5744300F9A321 /* DemoProject */,
				61B001C31AB5744300F9A321 /* DemoProjectTests */,
			);
		};
/* End PBXProject section */

/* Begin PBXResourcesBuildPhase section */
		61B001A91AB5744300F9A321 /* Resources */ = {
			isa = PBXResourcesBuildPhase;
			buildActionMask = 2147483647;
			files = (
				61B001BF1AB5744300F9A321 /* LaunchScreen.xib in Resources */,
				61B001BC1AB5744300F9A321 /* Images.xcassets in Resources */,
			);
			runOnlyForDeploymentPostprocessing = 0;
		};
		61B001C21AB5744300F9A321 /* Resources */ = {
			isa = PBXResourcesBuildPhase;
			buildActionMask = 2147483647;
			files = (
			);
			runOnlyForDeploymentPostprocessing = 0;
		};
/* End PBXResourcesBuildPhase section */

/* Begin PBXSourcesBuildPhase section */
		61B001A71AB5744300F9A321 /* Sources */ = {
			isa = PBXSourcesBuildPhase;
			buildActionMask = 2147483647;
			files = (
				61B001B71AB5744300F9A321 /* ViewController.m in Sources */,
				61B001D61AB5746100F9A321 /* ELPlusSliderControl.m in Sources */,
				61B001B41AB5744300F9A321 /* AppDelegate.m in Sources */,
				61B001B11AB5744300F9A321 /* main.m in Sources */,
			);
			runOnlyForDeploymentPostprocessing = 0;
		};
		61B001C01AB5744300F9A321 /* Sources */ = {
			isa = PBXSourcesBuildPhase;
			buildActionMask = 2147483647;
			files = (
				61B001CB1AB5744300F9A321 /* DemoProjectTests.m in Sources */,
			);
			runOnlyForDeploymentPostprocessing = 0;
		};
/* End PBXSourcesBuildPhase section */

/* Begin PBXTargetDependency section */
		61B001C61AB5744300F9A321 /* PBXTargetDependency */ = {
			isa = PBXTargetDependency;
			target = 61B001AA1AB5744300F9A321 /* DemoProject */;
			targetProxy = 61B001C51AB5744300F9A321 /* PBXContainerItemProxy */;
		};
/* End PBXTargetDependency section */

/* Begin PBXVariantGroup section */
		61B001BD1AB5744300F9A321 /* LaunchScreen.xib */ = {
			isa = PBXVariantGroup;
			children = (
				61B001BE1AB5744300F9A321 /* Base */,
			);
			name = LaunchScreen.xib;
			sourceTree = "<group>";
		};
/* End PBXVariantGroup section */

/* Begin XCBuildConfiguration section */
		61B001CC1AB5744300F9A321 /* Debug */ = {
			isa = XCBuildConfiguration;
			buildSettings = {
				ALWAYS_SEARCH_USER_PATHS = NO;
				CLANG_CXX_LANGUAGE_STANDARD = "gnu++0x";
				CLANG_CXX_LIBRARY = "libc++";
				CLANG_ENABLE_MODULES = YES;
				CLANG_ENABLE_OBJC_ARC = YES;
				CLANG_WARN_BOOL_CONVERSION = YES;
				CLANG_WARN_CONSTANT_CONVERSION = YES;
				CLANG_WARN_DIRECT_OBJC_ISA_USAGE = YES_ERROR;
				CLANG_WARN_EMPTY_BODY = YES;
				CLANG_WARN_ENUM_CONVERSION = YES;
				CLANG_WARN_INT_CONVERSION = YES;
				CLANG_WARN_OBJC_ROOT_CLASS = YES_ERROR;
				CLANG_WARN_UNREACHABLE_CODE = YES;
				CLANG_WARN__DUPLICATE_METHOD_MATCH = YES;
				"CODE_SIGN_IDENTITY[sdk=iphoneos*]" = "iPhone Developer";
				COPY_PHASE_STRIP = NO;
				ENABLE_STRICT_OBJC_MSGSEND = YES;
				ENABLE_TESTABILITY = YES;
				GCC_C_LANGUAGE_STANDARD = gnu99;
				GCC_DYNAMIC_NO_PIC = NO;
				GCC_OPTIMIZATION_LEVEL = 0;
				GCC_PREPROCESSOR_DEFINITIONS = (
					"DEBUG=1",
					"$(inherited)",
				);
				GCC_SYMBOLS_PRIVATE_EXTERN = NO;
				GCC_WARN_64_TO_32_BIT_CONVERSION = YES;
				GCC_WARN_ABOUT_RETURN_TYPE = YES_ERROR;
				GCC_WARN_UNDECLARED_SELECTOR = YES;
				GCC_WARN_UNINITIALIZED_AUTOS = YES_AGGRESSIVE;
				GCC_WARN_UNUSED_FUNCTION = YES;
				GCC_WARN_UNUSED_VARIABLE = YES;
				IPHONEOS_DEPLOYMENT_TARGET = 8.1;
				MTL_ENABLE_DEBUG_INFO = YES;
				ONLY_ACTIVE_ARCH = YES;
				SDKROOT = iphoneos;
			};
			name = Debug;
		};
		61B001CD1AB5744300F9A321 /* Release */ = {
			isa = XCBuildConfiguration;
			buildSettings = {
				ALWAYS_SEARCH_USER_PATHS = NO;
				CLANG_CXX_LANGUAGE_STANDARD = "gnu++0x";
				CLANG_CXX_LIBRARY = "libc++";
				CLANG_ENABLE_MODULES = YES;
				CLANG_ENABLE_OBJC_ARC = YES;
				CLANG_WARN_BOOL_CONVERSION = YES;
				CLANG_WARN_CONSTANT_CONVERSION = YES;
				CLANG_WARN_DIRECT_OBJC_ISA_USAGE = YES_ERROR;
				CLANG_WARN_EMPTY_BODY = YES;
				CLANG_WARN_ENUM_CONVERSION = YES;
				CLANG_WARN_INT_CONVERSION = YES;
				CLANG_WARN_OBJC_ROOT_CLASS = YES_ERROR;
				CLANG_WARN_UNREACHABLE_CODE = YES;
				CLANG_WARN__DUPLICATE_METHOD_MATCH = YES;
				"CODE_SIGN_IDENTITY[sdk=iphoneos*]" = "iPhone Developer";
				COPY_PHASE_STRIP = YES;
				ENABLE_NS_ASSERTIONS = NO;
				ENABLE_STRICT_OBJC_MSGSEND = YES;
				GCC_C_LANGUAGE_STANDARD = gnu99;
				GCC_WARN_64_TO_32_BIT_CONVERSION = YES;
				GCC_WARN_ABOUT_RETURN_TYPE = YES_ERROR;
				GCC_WARN_UNDECLARED_SELECTOR = YES;
				GCC_WARN_UNINITIALIZED_AUTOS = YES_AGGRESSIVE;
				GCC_WARN_UNUSED_FUNCTION = YES;
				GCC_WARN_UNUSED_VARIABLE = YES;
				IPHONEOS_DEPLOYMENT_TARGET = 8.1;
				MTL_ENABLE_DEBUG_INFO = NO;
				SDKROOT = iphoneos;
				VALIDATE_PRODUCT = YES;
			};
			name = Release;
		};
		61B001CF1AB5744300F9A321 /* Debug */ = {
			isa = XCBuildConfiguration;
			buildSettings = {
				ASSETCATALOG_COMPILER_APPICON_NAME = AppIcon;
				INFOPLIST_FILE = DemoProject/Info.plist;
				LD_RUNPATH_SEARCH_PATHS = "$(inherited) @executable_path/Frameworks";
				PRODUCT_BUNDLE_IDENTIFIER = "el.$(PRODUCT_NAME:rfc1034identifier)";
				PRODUCT_NAME = "$(TARGET_NAME)";
			};
			name = Debug;
		};
		61B001D01AB5744300F9A321 /* Release */ = {
			isa = XCBuildConfiguration;
			buildSettings = {
				ASSETCATALOG_COMPILER_APPICON_NAME = AppIcon;
				INFOPLIST_FILE = DemoProject/Info.plist;
				LD_RUNPATH_SEARCH_PATHS = "$(inherited) @executable_path/Frameworks";
				PRODUCT_BUNDLE_IDENTIFIER = "el.$(PRODUCT_NAME:rfc1034identifier)";
				PRODUCT_NAME = "$(TARGET_NAME)";
			};
			name = Release;
		};
		61B001D21AB5744300F9A321 /* Debug */ = {
			isa = XCBuildConfiguration;
			buildSettings = {
				BUNDLE_LOADER = "$(TEST_HOST)";
				FRAMEWORK_SEARCH_PATHS = (
					"$(SDKROOT)/Developer/Library/Frameworks",
					"$(inherited)",
				);
				GCC_PREPROCESSOR_DEFINITIONS = (
					"DEBUG=1",
					"$(inherited)",
				);
				INFOPLIST_FILE = DemoProjectTests/Info.plist;
				LD_RUNPATH_SEARCH_PATHS = "$(inherited) @executable_path/Frameworks @loader_path/Frameworks";
				PRODUCT_BUNDLE_IDENTIFIER = "el.$(PRODUCT_NAME:rfc1034identifier)";
				PRODUCT_NAME = "$(TARGET_NAME)";
				TEST_HOST = "$(BUILT_PRODUCTS_DIR)/DemoProject.app/DemoProject";
			};
			name = Debug;
		};
		61B001D31AB5744300F9A321 /* Release */ = {
			isa = XCBuildConfiguration;
			buildSettings = {
				BUNDLE_LOADER = "$(TEST_HOST)";
				FRAMEWORK_SEARCH_PATHS = (
					"$(SDKROOT)/Developer/Library/Frameworks",
					"$(inherited)",
				);
				INFOPLIST_FILE = DemoProjectTests/Info.plist;
				LD_RUNPATH_SEARCH_PATHS = "$(inherited) @executable_path/Frameworks @loader_path/Frameworks";
				PRODUCT_BUNDLE_IDENTIFIER = "el.$(PRODUCT_NAME:rfc1034identifier)";
				PRODUCT_NAME = "$(TARGET_NAME)";
				TEST_HOST = "$(BUILT_PRODUCTS_DIR)/DemoProject.app/DemoProject";
			};
			name = Release;
		};
/* End XCBuildConfiguration section */

/* Begin XCConfigurationList section */
		61B001A61AB5744300F9A321 /* Build configuration list for PBXProject "DemoProject" */ = {
			isa = XCConfigurationList;
			buildConfigurations = (
				61B001CC1AB5744300F9A321 /* Debug */,
				61B001CD1AB5744300F9A321 /* Release */,
			);
			defaultConfigurationIsVisible = 0;
			defaultConfigurationName = Release;
		};
		61B001CE1AB5744300F9A321 /* Build configuration list for PBXNativeTarget "DemoProject" */ = {
			isa = XCConfigurationList;
			buildConfigurations = (
				61B001CF1AB5744300F9A321 /* Debug */,
				61B001D01AB5744300F9A321 /* Release */,
			);
			defaultConfigurationIsVisible = 0;
			defaultConfigurationName = Release;
		};
		61B001D11AB5744300F9A321 /* Build configuration list for PBXNativeTarget "DemoProjectTests" */ = {
			isa = XCConfigurationList;
			buildConfigurations = (
				61B001D21AB5744300F9A321 /* Debug */,
				61B001D31AB5744300F9A321 /* Release */,
			);
			defaultConfigurationIsVisible = 0;
			defaultConfigurationName = Release;
		};
/* End XCConfigurationList section */
	};
	rootObject = 61B001A31AB5744300F9A321 /* Project object */;
}
